
Microsoft Visual Studio Solution File, Format Version 12.00
# Visual Studio Version 17
VisualStudioVersion = 17.1.32210.238
MinimumVisualStudioVersion = 10.0.40219.1
Project("{FAE04EC0-301F-11D3-BF4B-00C04F79EFBC}") = "uc5", "uc5\uc5.csproj", "{E6669D1F-9E74-47AB-B8E8-0570A05C8BCF}"
EndProject
Global
	GlobalSection(SolutionConfigurationPlatforms) = preSolution
		Debug|Any CPU = Debug|Any CPU
		Release|Any CPU = Release|Any CPU
	EndGlobalSection
	GlobalSection(ProjectConfigurationPlatforms) = postSolution
		{E6669D1F-9E74-47AB-B8E8-0570A05C8BCF}.Debug|Any CPU.ActiveCfg = Debug|Any CPU
		{E6669D1F-9E74-47AB-B8E8-0570A05C8BCF}.Debug|Any CPU.Build.0 = Debug|Any CPU
		{E6669D1F-9E74-47AB-B8E8-0570A05C8BCF}.Release|Any CPU.ActiveCfg = Release|Any CPU
		{E6669D1F-9E74-47AB-B8E8-0570A05C8BCF}.Release|Any CPU.Build.0 = Release|Any CPU
	EndGlobalSection
	GlobalSection(SolutionProperties) = preSolution
		HideSolutionNode = FALSE
	EndGlobalSection
	GlobalSection(ExtensibilityGlobals) = postSolution
		SolutionGuid = {A9163A89-55F1-4FA0-A939-BAE1D65C6BDB}
	EndGlobalSection
EndGlobal
